<?xml version="1.0" encoding="utf-8"?>
<Project ToolsVersion="4.0" xmlns="http://schemas.microsoft.com/developer/msbuild/2003">
  <ItemGroup>
    <Filter Include="Source Files">
      <UniqueIdentifier>{4FC737F1-C7A5-4376-A066-2A32D752A2FF}</UniqueIdentifier>
      <Extensions>cpp;c;cc;cxx;c++;cppm;ixx;def;odl;idl;hpj;bat;asm;asmx</Extensions>
    </Filter>
    <Filter Include="Header Files">
      <UniqueIdentifier>{93995380-89BD-4b04-88EB-625FBE52EBFB}</UniqueIdentifier>
      <Extensions>h;hh;hpp;hxx;h++;hm;inl;inc;ipp;xsd</Extensions>
    </Filter>
    <Filter Include="Resource Files">
      <UniqueIdentifier>{67DA6AB6-F800-4c08-8B7A-83BB121AAD01}</UniqueIdentifier>
      <Extensions>rc;ico;cur;bmp;dlg;rc2;rct;bin;rgs;gif;jpg;jpeg;jpe;resx;tiff;tif;png;wav;mfcribbon-ms</Extensions>
    </Filter>
    <Filter Include="Environment">
      <UniqueIdentifier>{a7626af9-35ef-461a-a7cb-c3448ad3b361}</UniqueIdentifier>
    </Filter>
    <Filter Include="Environment\INC">
      <UniqueIdentifier>{6a806b27-ba3b-4f88-9134-555647053b31}</UniqueIdentifier>
    </Filter>
    <Filter Include="Environment\SRC">
      <UniqueIdentifier>{0b7ddb6e-bebd-4463-be27-7e4ebae5fc75}</UniqueIdentifier>
    </Filter>
    <Filter Include="MathUtils">
      <UniqueIdentifier>{c61ef5c1-fde6-432f-a1af-f6f5fbd6f4c6}</UniqueIdentifier>
    </Filter>
    <Filter Include="MathUtils\INC">
      <UniqueIdentifier>{3c2c3519-1fb6-4542-93f8-71bee9c11b19}</UniqueIdentifier>
    </Filter>
    <Filter Include="MathUtils\SRC">
      <UniqueIdentifier>{197b581d-071e-43f9-a88f-843a6889a8ab}</UniqueIdentifier>
    </Filter>
    <Filter Include="OtherTools">
      <UniqueIdentifier>{cb3a9872-d863-412a-863d-fd4ddebd5f7d}</UniqueIdentifier>
    </Filter>
    <Filter Include="OtherTools\INC">
      <UniqueIdentifier>{9aa9fef7-2fa1-415c-8710-53402fedad22}</UniqueIdentifier>
    </Filter>
    <Filter Include="OtherTools\SRC">
      <UniqueIdentifier>{b0a64ba2-6923-4c01-80bf-517fa52d7c63}</UniqueIdentifier>
    </Filter>
    <Filter Include="MathUtils\Unittest">
      <UniqueIdentifier>{039ea14c-0faf-419e-ba40-1c6416faf269}</UniqueIdentifier>
    </Filter>
    <Filter Include="OtherTools\NNLib">
      <UniqueIdentifier>{bdb7952e-0ac5-4c3f-8b3f-9c0f1f2132eb}</UniqueIdentifier>
    </Filter>
  </ItemGroup>
  <ItemGroup>
    <ClInclude Include="CommonGlobals.h">
      <Filter>Header Files</Filter>
    </ClInclude>
    <ClInclude Include="TypeDefinitions.h">
      <Filter>Header Files</Filter>
    </ClInclude>
    <ClInclude Include="Utilities.h">
      <Filter>Header Files</Filter>
    </ClInclude>
    <ClInclude Include="Environment\INC\Atmosphere.h">
      <Filter>Environment\INC</Filter>
    </ClInclude>
    <ClInclude Include="Environment\INC\EnvironmentIncludes.h">
      <Filter>Environment\INC</Filter>
    </ClInclude>
    <ClInclude Include="UtilitiesVer.h">
      <Filter>Header Files</Filter>
    </ClInclude>
    <ClInclude Include="CommonStructs.h">
      <Filter>Header Files</Filter>
    </ClInclude>
    <ClInclude Include="MathUtils\INC\MathUtils.h">
      <Filter>MathUtils\INC</Filter>
    </ClInclude>
    <ClInclude Include="MathUtils\INC\Matrix.h">
      <Filter>MathUtils\INC</Filter>
    </ClInclude>
    <ClInclude Include="MathUtils\INC\Quaternion.h">
      <Filter>MathUtils\INC</Filter>
    </ClInclude>
    <ClInclude Include="Environment\INC\EarthGeometry.h">
      <Filter>Environment\INC</Filter>
    </ClInclude>
    <ClInclude Include="OtherTools\INC\TransferFunc.h">
      <Filter>OtherTools\INC</Filter>
    </ClInclude>
    <ClInclude Include="MathUtils\INC\SM_Matrix.hpp">
      <Filter>MathUtils\INC</Filter>
    </ClInclude>
    <ClInclude Include="MathUtils\Unittest\SM_Matrix_Unittest.h">
      <Filter>MathUtils\Unittest</Filter>
    </ClInclude>
    <ClInclude Include="MathUtils\Unittest\MathUtils_Unittests.h">
      <Filter>MathUtils\Unittest</Filter>
    </ClInclude>
    <ClInclude Include="OtherTools\NNLib\NNLayer.h">
      <Filter>OtherTools\NNLib</Filter>
    </ClInclude>
    <ClInclude Include="OtherTools\NNLib\NNLib.h">
      <Filter>OtherTools\NNLib</Filter>
    </ClInclude>
    <ClInclude Include="OtherTools\NNLib\Network.hpp">
      <Filter>OtherTools\NNLib</Filter>
    </ClInclude>
    <ClInclude Include="OtherTools\NNLib\NNActivationFunctions.hpp">
      <Filter>OtherTools\NNLib</Filter>
    </ClInclude>
  </ItemGroup>
  <ItemGroup>
    <ClCompile Include="Utilities.cpp">
      <Filter>Source Files</Filter>
    </ClCompile>
    <ClCompile Include="Environment\SRC\Atmosphere.cpp">
      <Filter>Environment\SRC</Filter>
    </ClCompile>
    <ClCompile Include="MathUtils\SRC\Matrix.cpp">
      <Filter>MathUtils\SRC</Filter>
    </ClCompile>
    <ClCompile Include="MathUtils\SRC\Quaternion.cpp">
      <Filter>MathUtils\SRC</Filter>
    </ClCompile>
    <ClCompile Include="MathUtils\SRC\MathUtils.cpp">
      <Filter>MathUtils\SRC</Filter>
    </ClCompile>
    <ClCompile Include="Environment\SRC\EarthGeometry.cpp">
      <Filter>Environment\SRC</Filter>
    </ClCompile>
    <ClCompile Include="OtherTools\SRC\TransferFunc.cpp">
      <Filter>OtherTools\SRC</Filter>
    </ClCompile>
    <ClCompile Include="MathUtils\Unittest\SM_Matrix_Unittest.cpp">
      <Filter>MathUtils\Unittest</Filter>
    </ClCompile>
  </ItemGroup>
</Project>